
Microsoft Visual Studio Solution File, Format Version 12.00
Project("{FAE04EC0-301F-11D3-BF4B-00C04F79EFBC}") = "Placeful.Api", "Placeful.Api\Placeful.Api.csproj", "{9BFEDA37-E622-4A06-9FF4-FF3CDEA394B7}"
EndProject
Global
	GlobalSection(SolutionConfigurationPlatforms) = preSolution
		Debug|Any CPU = Debug|Any CPU
		Release|Any CPU = Release|Any CPU
	EndGlobalSection
	GlobalSection(ProjectConfigurationPlatforms) = postSolution
		{9BFEDA37-E622-4A06-9FF4-FF3CDEA394B7}.Debug|Any CPU.ActiveCfg = Debug|Any CPU
		{9BFEDA37-E622-4A06-9FF4-FF3CDEA394B7}.Debug|Any CPU.Build.0 = Debug|Any CPU
		{9BFEDA37-E622-4A06-9FF4-FF3CDEA394B7}.Release|Any CPU.ActiveCfg = Release|Any CPU
		{9BFEDA37-E622-4A06-9FF4-FF3CDEA394B7}.Release|Any CPU.Build.0 = Release|Any CPU
	EndGlobalSection
EndGlobal
